
Microsoft Visual Studio Solution File, Format Version 12.00
# Visual Studio Version 17
VisualStudioVersion = 17.14.36301.6 d17.14
MinimumVisualStudioVersion = 10.0.40219.1
Project("{FAE04EC0-301F-11D3-BF4B-00C04F79EFBC}") = "Simulator Interface", "Simulator Interface\Simulator Interface.csproj", "{EB98135C-BAB8-4DB6-8DA8-BF008836D91C}"
EndProject
Global
	GlobalSection(SolutionConfigurationPlatforms) = preSolution
		Debug|Any CPU = Debug|Any CPU
		Release|Any CPU = Release|Any CPU
	EndGlobalSection
	GlobalSection(ProjectConfigurationPlatforms) = postSolution
		{EB98135C-BAB8-4DB6-8DA8-BF008836D91C}.Debug|Any CPU.ActiveCfg = Debug|Any CPU
		{EB98135C-BAB8-4DB6-8DA8-BF008836D91C}.Debug|Any CPU.Build.0 = Debug|Any CPU
		{EB98135C-BAB8-4DB6-8DA8-BF008836D91C}.Release|Any CPU.ActiveCfg = Release|Any CPU
		{EB98135C-BAB8-4DB6-8DA8-BF008836D91C}.Release|Any CPU.Build.0 = Release|Any CPU
	EndGlobalSection
	GlobalSection(SolutionProperties) = preSolution
		HideSolutionNode = FALSE
	EndGlobalSection
	GlobalSection(ExtensibilityGlobals) = postSolution
		SolutionGuid = {F66D28AC-6707-41BA-A685-371B58EEDCC4}
	EndGlobalSection
EndGlobal
